
Microsoft Visual Studio Solution File, Format Version 12.00
# Visual Studio Version 17
VisualStudioVersion = 17.11.35219.272
MinimumVisualStudioVersion = 10.0.40219.1
Project("{FAE04EC0-301F-11D3-BF4B-00C04F79EFBC}") = "ClassLibraryFizzBuzz", "ClassLibraryFizzBuzz\ClassLibraryFizzBuzz.csproj", "{9672E4DD-E86D-4AA0-8AB5-A6BCE431387A}"
EndProject
Project("{FAE04EC0-301F-11D3-BF4B-00C04F79EFBC}") = "ConsoleAppFizzBuzz", "ConsoleAppFizzBuzz\ConsoleAppFizzBuzz.csproj", "{CC57FCC2-58B4-4549-BFF4-8C0B85D9DB70}"
EndProject
Project("{FAE04EC0-301F-11D3-BF4B-00C04F79EFBC}") = "TestsFizzBuzz", "TestsFizzBuzz\TestsFizzBuzz.csproj", "{2FCB2B97-8C48-474E-8034-B0E37E70477F}"
EndProject
Global
	GlobalSection(SolutionConfigurationPlatforms) = preSolution
		Debug|Any CPU = Debug|Any CPU
		Release|Any CPU = Release|Any CPU
	EndGlobalSection
	GlobalSection(ProjectConfigurationPlatforms) = postSolution
		{9672E4DD-E86D-4AA0-8AB5-A6BCE431387A}.Debug|Any CPU.ActiveCfg = Debug|Any CPU
		{9672E4DD-E86D-4AA0-8AB5-A6BCE431387A}.Debug|Any CPU.Build.0 = Debug|Any CPU
		{9672E4DD-E86D-4AA0-8AB5-A6BCE431387A}.Release|Any CPU.ActiveCfg = Release|Any CPU
		{9672E4DD-E86D-4AA0-8AB5-A6BCE431387A}.Release|Any CPU.Build.0 = Release|Any CPU
		{CC57FCC2-58B4-4549-BFF4-8C0B85D9DB70}.Debug|Any CPU.ActiveCfg = Debug|Any CPU
		{CC57FCC2-58B4-4549-BFF4-8C0B85D9DB70}.Debug|Any CPU.Build.0 = Debug|Any CPU
		{CC57FCC2-58B4-4549-BFF4-8C0B85D9DB70}.Release|Any CPU.ActiveCfg = Release|Any CPU
		{CC57FCC2-58B4-4549-BFF4-8C0B85D9DB70}.Release|Any CPU.Build.0 = Release|Any CPU
		{2FCB2B97-8C48-474E-8034-B0E37E70477F}.Debug|Any CPU.ActiveCfg = Debug|Any CPU
		{2FCB2B97-8C48-474E-8034-B0E37E70477F}.Debug|Any CPU.Build.0 = Debug|Any CPU
		{2FCB2B97-8C48-474E-8034-B0E37E70477F}.Release|Any CPU.ActiveCfg = Release|Any CPU
		{2FCB2B97-8C48-474E-8034-B0E37E70477F}.Release|Any CPU.Build.0 = Release|Any CPU
	EndGlobalSection
	GlobalSection(SolutionProperties) = preSolution
		HideSolutionNode = FALSE
	EndGlobalSection
	GlobalSection(ExtensibilityGlobals) = postSolution
		SolutionGuid = {0CD272F2-6D7F-4DBE-BFAE-AF835D93FDB1}
	EndGlobalSection
EndGlobal
