
Microsoft Visual Studio Solution File, Format Version 12.00
# Visual Studio Version 17
VisualStudioVersion = 17.11.35219.272
MinimumVisualStudioVersion = 10.0.40219.1
Project("{FAE04EC0-301F-11D3-BF4B-00C04F79EFBC}") = "ConsoleAppHanoi", "ConsoleAppHanoi\ConsoleAppHanoi.csproj", "{48E0A64C-0E19-4292-9A9E-1F644E1F4051}"
EndProject
Project("{FAE04EC0-301F-11D3-BF4B-00C04F79EFBC}") = "ClassLibraryHanoi", "ClassLibraryHanoi\ClassLibraryHanoi.csproj", "{543CD3A6-B918-4233-80D1-A08677B08AC4}"
EndProject
Global
	GlobalSection(SolutionConfigurationPlatforms) = preSolution
		Debug|Any CPU = Debug|Any CPU
		Release|Any CPU = Release|Any CPU
	EndGlobalSection
	GlobalSection(ProjectConfigurationPlatforms) = postSolution
		{48E0A64C-0E19-4292-9A9E-1F644E1F4051}.Debug|Any CPU.ActiveCfg = Debug|Any CPU
		{48E0A64C-0E19-4292-9A9E-1F644E1F4051}.Debug|Any CPU.Build.0 = Debug|Any CPU
		{48E0A64C-0E19-4292-9A9E-1F644E1F4051}.Release|Any CPU.ActiveCfg = Release|Any CPU
		{48E0A64C-0E19-4292-9A9E-1F644E1F4051}.Release|Any CPU.Build.0 = Release|Any CPU
		{543CD3A6-B918-4233-80D1-A08677B08AC4}.Debug|Any CPU.ActiveCfg = Debug|Any CPU
		{543CD3A6-B918-4233-80D1-A08677B08AC4}.Debug|Any CPU.Build.0 = Debug|Any CPU
		{543CD3A6-B918-4233-80D1-A08677B08AC4}.Release|Any CPU.ActiveCfg = Release|Any CPU
		{543CD3A6-B918-4233-80D1-A08677B08AC4}.Release|Any CPU.Build.0 = Release|Any CPU
	EndGlobalSection
	GlobalSection(SolutionProperties) = preSolution
		HideSolutionNode = FALSE
	EndGlobalSection
	GlobalSection(ExtensibilityGlobals) = postSolution
		SolutionGuid = {CF1DA63A-5C36-4C6B-88D0-1ECD48313DDC}
	EndGlobalSection
EndGlobal
