
Microsoft Visual Studio Solution File, Format Version 12.00
# Visual Studio Version 17
VisualStudioVersion = 17.11.35219.272
MinimumVisualStudioVersion = 10.0.40219.1
Project("{9A19103F-16F7-4668-BE54-9A1E7A4F7556}") = "ConsoleAppDPComposite", "ConsoleAppDPComposite\ConsoleAppDPComposite.csproj", "{C53889CC-3A88-49AD-BD30-AC24A92E06A7}"
EndProject
Project("{9A19103F-16F7-4668-BE54-9A1E7A4F7556}") = "CLDesignPattern", "CLDesignPattern\CLDesignPattern.csproj", "{A124CC99-9FED-4B43-AB06-A5768ED0375B}"
EndProject
Project("{9A19103F-16F7-4668-BE54-9A1E7A4F7556}") = "ConsoleAppFigures", "ConsoleAppFigures\ConsoleAppFigures.csproj", "{A1454DFC-AB12-4C1F-987A-87B6FFE04192}"
EndProject
Project("{9A19103F-16F7-4668-BE54-9A1E7A4F7556}") = "WFAppFigures", "WFAppFigures\WFAppFigures.csproj", "{B6EC56C3-A842-4E86-A33C-FB06C7C12FF6}"
EndProject
Project("{FAE04EC0-301F-11D3-BF4B-00C04F79EFBC}") = "CLDessin", "CLDessin\CLDessin.csproj", "{F8FB9BB7-7F15-4534-874E-E38E75AD53D4}"
EndProject
Global
	GlobalSection(SolutionConfigurationPlatforms) = preSolution
		Debug|Any CPU = Debug|Any CPU
		Release|Any CPU = Release|Any CPU
	EndGlobalSection
	GlobalSection(ProjectConfigurationPlatforms) = postSolution
		{C53889CC-3A88-49AD-BD30-AC24A92E06A7}.Debug|Any CPU.ActiveCfg = Debug|Any CPU
		{C53889CC-3A88-49AD-BD30-AC24A92E06A7}.Debug|Any CPU.Build.0 = Debug|Any CPU
		{C53889CC-3A88-49AD-BD30-AC24A92E06A7}.Release|Any CPU.ActiveCfg = Release|Any CPU
		{C53889CC-3A88-49AD-BD30-AC24A92E06A7}.Release|Any CPU.Build.0 = Release|Any CPU
		{A124CC99-9FED-4B43-AB06-A5768ED0375B}.Debug|Any CPU.ActiveCfg = Debug|Any CPU
		{A124CC99-9FED-4B43-AB06-A5768ED0375B}.Debug|Any CPU.Build.0 = Debug|Any CPU
		{A124CC99-9FED-4B43-AB06-A5768ED0375B}.Release|Any CPU.ActiveCfg = Release|Any CPU
		{A124CC99-9FED-4B43-AB06-A5768ED0375B}.Release|Any CPU.Build.0 = Release|Any CPU
		{A1454DFC-AB12-4C1F-987A-87B6FFE04192}.Debug|Any CPU.ActiveCfg = Debug|Any CPU
		{A1454DFC-AB12-4C1F-987A-87B6FFE04192}.Debug|Any CPU.Build.0 = Debug|Any CPU
		{A1454DFC-AB12-4C1F-987A-87B6FFE04192}.Release|Any CPU.ActiveCfg = Release|Any CPU
		{A1454DFC-AB12-4C1F-987A-87B6FFE04192}.Release|Any CPU.Build.0 = Release|Any CPU
		{B6EC56C3-A842-4E86-A33C-FB06C7C12FF6}.Debug|Any CPU.ActiveCfg = Debug|Any CPU
		{B6EC56C3-A842-4E86-A33C-FB06C7C12FF6}.Debug|Any CPU.Build.0 = Debug|Any CPU
		{B6EC56C3-A842-4E86-A33C-FB06C7C12FF6}.Release|Any CPU.ActiveCfg = Release|Any CPU
		{B6EC56C3-A842-4E86-A33C-FB06C7C12FF6}.Release|Any CPU.Build.0 = Release|Any CPU
		{F8FB9BB7-7F15-4534-874E-E38E75AD53D4}.Debug|Any CPU.ActiveCfg = Debug|Any CPU
		{F8FB9BB7-7F15-4534-874E-E38E75AD53D4}.Debug|Any CPU.Build.0 = Debug|Any CPU
		{F8FB9BB7-7F15-4534-874E-E38E75AD53D4}.Release|Any CPU.ActiveCfg = Release|Any CPU
		{F8FB9BB7-7F15-4534-874E-E38E75AD53D4}.Release|Any CPU.Build.0 = Release|Any CPU
	EndGlobalSection
	GlobalSection(SolutionProperties) = preSolution
		HideSolutionNode = FALSE
	EndGlobalSection
	GlobalSection(ExtensibilityGlobals) = postSolution
		SolutionGuid = {C1E12485-BE81-4436-A4C5-7B7656278E15}
	EndGlobalSection
EndGlobal
