
Microsoft Visual Studio Solution File, Format Version 12.00
# Visual Studio Version 17
VisualStudioVersion = 17.3.32929.385
MinimumVisualStudioVersion = 10.0.40219.1
Project("{FAE04EC0-301F-11D3-BF4B-00C04F79EFBC}") = "NbParfait", "NbParfait\NbParfait.csproj", "{BFCB6D28-8BD2-499B-8E93-FE072CB6569E}"
EndProject
Global
	GlobalSection(SolutionConfigurationPlatforms) = preSolution
		Debug|Any CPU = Debug|Any CPU
		Release|Any CPU = Release|Any CPU
	EndGlobalSection
	GlobalSection(ProjectConfigurationPlatforms) = postSolution
		{BFCB6D28-8BD2-499B-8E93-FE072CB6569E}.Debug|Any CPU.ActiveCfg = Debug|Any CPU
		{BFCB6D28-8BD2-499B-8E93-FE072CB6569E}.Debug|Any CPU.Build.0 = Debug|Any CPU
		{BFCB6D28-8BD2-499B-8E93-FE072CB6569E}.Release|Any CPU.ActiveCfg = Release|Any CPU
		{BFCB6D28-8BD2-499B-8E93-FE072CB6569E}.Release|Any CPU.Build.0 = Release|Any CPU
	EndGlobalSection
	GlobalSection(SolutionProperties) = preSolution
		HideSolutionNode = FALSE
	EndGlobalSection
	GlobalSection(ExtensibilityGlobals) = postSolution
		SolutionGuid = {52895F0B-A46C-41EE-B3ED-860620121B5C}
	EndGlobalSection
EndGlobal
