
Microsoft Visual Studio Solution File, Format Version 12.00
# Visual Studio Version 17
VisualStudioVersion = 17.3.32929.385
MinimumVisualStudioVersion = 10.0.40219.1
Project("{9A19103F-16F7-4668-BE54-9A1E7A4F7556}") = "ClassLibraryCompteBancaire", "ClassLibraryCompteBancaire\ClassLibraryCompteBancaire.csproj", "{F12B5F72-2DEA-45B0-A521-E3A82A600CEA}"
EndProject
Project("{9A19103F-16F7-4668-BE54-9A1E7A4F7556}") = "TestsCompteBancaire", "TestsCompteBancaire\TestsCompteBancaire.csproj", "{4C90CEA3-1264-44E6-AE45-482FBA433240}"
EndProject
Project("{9A19103F-16F7-4668-BE54-9A1E7A4F7556}") = "ConsoleAppCompteBancaire", "ConsoleAppCompteBancaire\ConsoleAppCompteBancaire.csproj", "{344D373C-D0F4-4843-9E3A-442175FE55CA}"
EndProject
Project("{FAE04EC0-301F-11D3-BF4B-00C04F79EFBC}") = "ConsoleAppBanque", "ConsoleAppBanque\ConsoleAppBanque.csproj", "{917DF6FF-9E97-41AD-8456-5903FC5CC81F}"
EndProject
Global
	GlobalSection(SolutionConfigurationPlatforms) = preSolution
		Debug|Any CPU = Debug|Any CPU
		Release|Any CPU = Release|Any CPU
	EndGlobalSection
	GlobalSection(ProjectConfigurationPlatforms) = postSolution
		{F12B5F72-2DEA-45B0-A521-E3A82A600CEA}.Debug|Any CPU.ActiveCfg = Debug|Any CPU
		{F12B5F72-2DEA-45B0-A521-E3A82A600CEA}.Debug|Any CPU.Build.0 = Debug|Any CPU
		{F12B5F72-2DEA-45B0-A521-E3A82A600CEA}.Release|Any CPU.ActiveCfg = Release|Any CPU
		{F12B5F72-2DEA-45B0-A521-E3A82A600CEA}.Release|Any CPU.Build.0 = Release|Any CPU
		{4C90CEA3-1264-44E6-AE45-482FBA433240}.Debug|Any CPU.ActiveCfg = Debug|Any CPU
		{4C90CEA3-1264-44E6-AE45-482FBA433240}.Debug|Any CPU.Build.0 = Debug|Any CPU
		{4C90CEA3-1264-44E6-AE45-482FBA433240}.Release|Any CPU.ActiveCfg = Release|Any CPU
		{4C90CEA3-1264-44E6-AE45-482FBA433240}.Release|Any CPU.Build.0 = Release|Any CPU
		{344D373C-D0F4-4843-9E3A-442175FE55CA}.Debug|Any CPU.ActiveCfg = Debug|Any CPU
		{344D373C-D0F4-4843-9E3A-442175FE55CA}.Debug|Any CPU.Build.0 = Debug|Any CPU
		{344D373C-D0F4-4843-9E3A-442175FE55CA}.Release|Any CPU.ActiveCfg = Release|Any CPU
		{344D373C-D0F4-4843-9E3A-442175FE55CA}.Release|Any CPU.Build.0 = Release|Any CPU
		{917DF6FF-9E97-41AD-8456-5903FC5CC81F}.Debug|Any CPU.ActiveCfg = Debug|Any CPU
		{917DF6FF-9E97-41AD-8456-5903FC5CC81F}.Debug|Any CPU.Build.0 = Debug|Any CPU
		{917DF6FF-9E97-41AD-8456-5903FC5CC81F}.Release|Any CPU.ActiveCfg = Release|Any CPU
		{917DF6FF-9E97-41AD-8456-5903FC5CC81F}.Release|Any CPU.Build.0 = Release|Any CPU
	EndGlobalSection
	GlobalSection(SolutionProperties) = preSolution
		HideSolutionNode = FALSE
	EndGlobalSection
	GlobalSection(ExtensibilityGlobals) = postSolution
		SolutionGuid = {A775BE03-962F-4D71-87E0-9A2E37CF4A39}
	EndGlobalSection
EndGlobal
